
Microsoft Visual Studio Solution File, Format Version 12.00
# Visual Studio Version 16
VisualStudioVersion = 16.0.31313.79
MinimumVisualStudioVersion = 10.0.40219.1
Project("{9A19103F-16F7-4668-BE54-9A1E7A4F7556}") = "Task(Server)", "Task(Server)\Task(Server).csproj", "{73C91C1E-DFFD-44A6-980B-3A01EC3E457C}"
	ProjectSection(ProjectDependencies) = postProject
		{3D8B0C31-1336-4BE8-B6C4-9224B1E6625A} = {3D8B0C31-1336-4BE8-B6C4-9224B1E6625A}
	EndProjectSection
EndProject
Project("{9A19103F-16F7-4668-BE54-9A1E7A4F7556}") = "Task(Client)", "Task(Client)\Task(Client).csproj", "{1E819FC1-7C5D-4690-AF64-554046713C7C}"
	ProjectSection(ProjectDependencies) = postProject
		{3D8B0C31-1336-4BE8-B6C4-9224B1E6625A} = {3D8B0C31-1336-4BE8-B6C4-9224B1E6625A}
	EndProjectSection
EndProject
Project("{FAE04EC0-301F-11D3-BF4B-00C04F79EFBC}") = "Task", "Task\Task.csproj", "{3D8B0C31-1336-4BE8-B6C4-9224B1E6625A}"
EndProject
Global
	GlobalSection(SolutionConfigurationPlatforms) = preSolution
		Debug|Any CPU = Debug|Any CPU
		Release|Any CPU = Release|Any CPU
	EndGlobalSection
	GlobalSection(ProjectConfigurationPlatforms) = postSolution
		{73C91C1E-DFFD-44A6-980B-3A01EC3E457C}.Debug|Any CPU.ActiveCfg = Debug|Any CPU
		{73C91C1E-DFFD-44A6-980B-3A01EC3E457C}.Debug|Any CPU.Build.0 = Debug|Any CPU
		{73C91C1E-DFFD-44A6-980B-3A01EC3E457C}.Release|Any CPU.ActiveCfg = Release|Any CPU
		{73C91C1E-DFFD-44A6-980B-3A01EC3E457C}.Release|Any CPU.Build.0 = Release|Any CPU
		{1E819FC1-7C5D-4690-AF64-554046713C7C}.Debug|Any CPU.ActiveCfg = Debug|Any CPU
		{1E819FC1-7C5D-4690-AF64-554046713C7C}.Debug|Any CPU.Build.0 = Debug|Any CPU
		{1E819FC1-7C5D-4690-AF64-554046713C7C}.Release|Any CPU.ActiveCfg = Release|Any CPU
		{1E819FC1-7C5D-4690-AF64-554046713C7C}.Release|Any CPU.Build.0 = Release|Any CPU
		{3D8B0C31-1336-4BE8-B6C4-9224B1E6625A}.Debug|Any CPU.ActiveCfg = Debug|Any CPU
		{3D8B0C31-1336-4BE8-B6C4-9224B1E6625A}.Debug|Any CPU.Build.0 = Debug|Any CPU
		{3D8B0C31-1336-4BE8-B6C4-9224B1E6625A}.Release|Any CPU.ActiveCfg = Release|Any CPU
		{3D8B0C31-1336-4BE8-B6C4-9224B1E6625A}.Release|Any CPU.Build.0 = Release|Any CPU
	EndGlobalSection
	GlobalSection(SolutionProperties) = preSolution
		HideSolutionNode = FALSE
	EndGlobalSection
	GlobalSection(ExtensibilityGlobals) = postSolution
		SolutionGuid = {D1986889-0F6A-45A2-BDFD-056A6957B484}
	EndGlobalSection
EndGlobal
